
Microsoft Visual Studio Solution File, Format Version 12.00
# Visual Studio Version 16
VisualStudioVersion = 16.0.28803.156
MinimumVisualStudioVersion = 10.0.40219.1
Project("{FAE04EC0-301F-11D3-BF4B-00C04F79EFBC}") = "CognitiveService", "CognitiveService\CognitiveService.csproj", "{6C550ABD-F89B-4F60-8A37-67F019B295B3}"
EndProject
Project("{FAE04EC0-301F-11D3-BF4B-00C04F79EFBC}") = "Training", "Training\Training.csproj", "{CE401229-2945-433B-B875-FA8902781925}"
EndProject
Global
	GlobalSection(SolutionConfigurationPlatforms) = preSolution
		Debug|Any CPU = Debug|Any CPU
		Release|Any CPU = Release|Any CPU
	EndGlobalSection
	GlobalSection(ProjectConfigurationPlatforms) = postSolution
		{6C550ABD-F89B-4F60-8A37-67F019B295B3}.Debug|Any CPU.ActiveCfg = Debug|Any CPU
		{6C550ABD-F89B-4F60-8A37-67F019B295B3}.Debug|Any CPU.Build.0 = Debug|Any CPU
		{6C550ABD-F89B-4F60-8A37-67F019B295B3}.Release|Any CPU.ActiveCfg = Release|Any CPU
		{6C550ABD-F89B-4F60-8A37-67F019B295B3}.Release|Any CPU.Build.0 = Release|Any CPU
		{CE401229-2945-433B-B875-FA8902781925}.Debug|Any CPU.ActiveCfg = Debug|Any CPU
		{CE401229-2945-433B-B875-FA8902781925}.Debug|Any CPU.Build.0 = Debug|Any CPU
		{CE401229-2945-433B-B875-FA8902781925}.Release|Any CPU.ActiveCfg = Release|Any CPU
		{CE401229-2945-433B-B875-FA8902781925}.Release|Any CPU.Build.0 = Release|Any CPU
	EndGlobalSection
	GlobalSection(SolutionProperties) = preSolution
		HideSolutionNode = FALSE
	EndGlobalSection
	GlobalSection(ExtensibilityGlobals) = postSolution
		SolutionGuid = {A621CF48-99A6-49EB-9E33-B3F7987FA83E}
	EndGlobalSection
EndGlobal
